
Microsoft Visual Studio Solution File, Format Version 12.00
# Visual Studio 2012
Project("{F184B08F-C81C-45F6-A57F-5ABD9991F28F}") = "SisCliMed", "SisCliMed\SisCliMed.vbproj", "{224CC215-AAB6-42E4-A2DD-4F0EF6CB31CF}"
EndProject
Project("{F184B08F-C81C-45F6-A57F-5ABD9991F28F}") = "SisCliVet", "SisCliVet\SisCliVet.vbproj", "{4A6DA429-DE57-418C-AF5A-BEE1F6A61182}"
EndProject
Project("{6141683F-8A12-4E36-9623-2EB02B2C2303}") = "SetupMed", "SetupMed\SetupMed.isproj", "{C43EDE6C-4E59-41FB-8E66-A86D807F8E9E}"
EndProject
Project("{6141683F-8A12-4E36-9623-2EB02B2C2303}") = "SetupVet", "SetupVet\SetupVet.isproj", "{5324F090-2C9E-4825-A71D-179C970E2D3E}"
EndProject
Global
	GlobalSection(SolutionConfigurationPlatforms) = preSolution
		CD_ROM|Any CPU = CD_ROM|Any CPU
		Debug|Any CPU = Debug|Any CPU
		DVD-5|Any CPU = DVD-5|Any CPU
		Release|Any CPU = Release|Any CPU
		SingleImage|Any CPU = SingleImage|Any CPU
	EndGlobalSection
	GlobalSection(ProjectConfigurationPlatforms) = postSolution
		{224CC215-AAB6-42E4-A2DD-4F0EF6CB31CF}.CD_ROM|Any CPU.ActiveCfg = Release|Any CPU
		{224CC215-AAB6-42E4-A2DD-4F0EF6CB31CF}.CD_ROM|Any CPU.Build.0 = Release|Any CPU
		{224CC215-AAB6-42E4-A2DD-4F0EF6CB31CF}.Debug|Any CPU.ActiveCfg = Debug|Any CPU
		{224CC215-AAB6-42E4-A2DD-4F0EF6CB31CF}.Debug|Any CPU.Build.0 = Debug|Any CPU
		{224CC215-AAB6-42E4-A2DD-4F0EF6CB31CF}.DVD-5|Any CPU.ActiveCfg = Debug|Any CPU
		{224CC215-AAB6-42E4-A2DD-4F0EF6CB31CF}.DVD-5|Any CPU.Build.0 = Debug|Any CPU
		{224CC215-AAB6-42E4-A2DD-4F0EF6CB31CF}.Release|Any CPU.ActiveCfg = Release|Any CPU
		{224CC215-AAB6-42E4-A2DD-4F0EF6CB31CF}.Release|Any CPU.Build.0 = Release|Any CPU
		{224CC215-AAB6-42E4-A2DD-4F0EF6CB31CF}.SingleImage|Any CPU.ActiveCfg = Release|Any CPU
		{224CC215-AAB6-42E4-A2DD-4F0EF6CB31CF}.SingleImage|Any CPU.Build.0 = Release|Any CPU
		{4A6DA429-DE57-418C-AF5A-BEE1F6A61182}.CD_ROM|Any CPU.ActiveCfg = Release|Any CPU
		{4A6DA429-DE57-418C-AF5A-BEE1F6A61182}.CD_ROM|Any CPU.Build.0 = Release|Any CPU
		{4A6DA429-DE57-418C-AF5A-BEE1F6A61182}.Debug|Any CPU.ActiveCfg = Debug|Any CPU
		{4A6DA429-DE57-418C-AF5A-BEE1F6A61182}.Debug|Any CPU.Build.0 = Debug|Any CPU
		{4A6DA429-DE57-418C-AF5A-BEE1F6A61182}.DVD-5|Any CPU.ActiveCfg = Debug|Any CPU
		{4A6DA429-DE57-418C-AF5A-BEE1F6A61182}.DVD-5|Any CPU.Build.0 = Debug|Any CPU
		{4A6DA429-DE57-418C-AF5A-BEE1F6A61182}.Release|Any CPU.ActiveCfg = Release|Any CPU
		{4A6DA429-DE57-418C-AF5A-BEE1F6A61182}.Release|Any CPU.Build.0 = Release|Any CPU
		{4A6DA429-DE57-418C-AF5A-BEE1F6A61182}.SingleImage|Any CPU.ActiveCfg = Release|Any CPU
		{4A6DA429-DE57-418C-AF5A-BEE1F6A61182}.SingleImage|Any CPU.Build.0 = Release|Any CPU
		{C43EDE6C-4E59-41FB-8E66-A86D807F8E9E}.CD_ROM|Any CPU.ActiveCfg = CD_ROM
		{C43EDE6C-4E59-41FB-8E66-A86D807F8E9E}.CD_ROM|Any CPU.Build.0 = CD_ROM
		{C43EDE6C-4E59-41FB-8E66-A86D807F8E9E}.Debug|Any CPU.ActiveCfg = DVD-5
		{C43EDE6C-4E59-41FB-8E66-A86D807F8E9E}.Debug|Any CPU.Build.0 = DVD-5
		{C43EDE6C-4E59-41FB-8E66-A86D807F8E9E}.DVD-5|Any CPU.ActiveCfg = DVD-5
		{C43EDE6C-4E59-41FB-8E66-A86D807F8E9E}.DVD-5|Any CPU.Build.0 = DVD-5
		{C43EDE6C-4E59-41FB-8E66-A86D807F8E9E}.Release|Any CPU.ActiveCfg = SingleImage
		{C43EDE6C-4E59-41FB-8E66-A86D807F8E9E}.Release|Any CPU.Build.0 = SingleImage
		{C43EDE6C-4E59-41FB-8E66-A86D807F8E9E}.SingleImage|Any CPU.ActiveCfg = SingleImage
		{C43EDE6C-4E59-41FB-8E66-A86D807F8E9E}.SingleImage|Any CPU.Build.0 = SingleImage
		{5324F090-2C9E-4825-A71D-179C970E2D3E}.CD_ROM|Any CPU.ActiveCfg = CD_ROM
		{5324F090-2C9E-4825-A71D-179C970E2D3E}.CD_ROM|Any CPU.Build.0 = CD_ROM
		{5324F090-2C9E-4825-A71D-179C970E2D3E}.Debug|Any CPU.ActiveCfg = DVD-5
		{5324F090-2C9E-4825-A71D-179C970E2D3E}.Debug|Any CPU.Build.0 = DVD-5
		{5324F090-2C9E-4825-A71D-179C970E2D3E}.DVD-5|Any CPU.ActiveCfg = DVD-5
		{5324F090-2C9E-4825-A71D-179C970E2D3E}.DVD-5|Any CPU.Build.0 = DVD-5
		{5324F090-2C9E-4825-A71D-179C970E2D3E}.Release|Any CPU.ActiveCfg = SingleImage
		{5324F090-2C9E-4825-A71D-179C970E2D3E}.Release|Any CPU.Build.0 = SingleImage
		{5324F090-2C9E-4825-A71D-179C970E2D3E}.SingleImage|Any CPU.ActiveCfg = SingleImage
		{5324F090-2C9E-4825-A71D-179C970E2D3E}.SingleImage|Any CPU.Build.0 = SingleImage
	EndGlobalSection
	GlobalSection(SolutionProperties) = preSolution
		HideSolutionNode = FALSE
	EndGlobalSection
EndGlobal
